
Microsoft Visual Studio Solution File, Format Version 12.00
# Visual Studio 15
VisualStudioVersion = 15.0.27703.2047
MinimumVisualStudioVersion = 10.0.40219.1
Project("{FAE04EC0-301F-11D3-BF4B-00C04F79EFBC}") = "VistaForm", "VistaForm\VistaForm.csproj", "{25F7D36F-F658-4147-A419-691F5CCACEC0}"
EndProject
Project("{FAE04EC0-301F-11D3-BF4B-00C04F79EFBC}") = "Entidades", "Entidades\Entidades.csproj", "{A400646E-7924-4D86-AA2E-B992CF831A9B}"
EndProject
Global
	GlobalSection(SolutionConfigurationPlatforms) = preSolution
		Debug|Any CPU = Debug|Any CPU
		Release|Any CPU = Release|Any CPU
	EndGlobalSection
	GlobalSection(ProjectConfigurationPlatforms) = postSolution
		{25F7D36F-F658-4147-A419-691F5CCACEC0}.Debug|Any CPU.ActiveCfg = Debug|Any CPU
		{25F7D36F-F658-4147-A419-691F5CCACEC0}.Debug|Any CPU.Build.0 = Debug|Any CPU
		{25F7D36F-F658-4147-A419-691F5CCACEC0}.Release|Any CPU.ActiveCfg = Release|Any CPU
		{25F7D36F-F658-4147-A419-691F5CCACEC0}.Release|Any CPU.Build.0 = Release|Any CPU
		{A400646E-7924-4D86-AA2E-B992CF831A9B}.Debug|Any CPU.ActiveCfg = Debug|Any CPU
		{A400646E-7924-4D86-AA2E-B992CF831A9B}.Debug|Any CPU.Build.0 = Debug|Any CPU
		{A400646E-7924-4D86-AA2E-B992CF831A9B}.Release|Any CPU.ActiveCfg = Release|Any CPU
		{A400646E-7924-4D86-AA2E-B992CF831A9B}.Release|Any CPU.Build.0 = Release|Any CPU
	EndGlobalSection
	GlobalSection(SolutionProperties) = preSolution
		HideSolutionNode = FALSE
	EndGlobalSection
	GlobalSection(ExtensibilityGlobals) = postSolution
		SolutionGuid = {BAF1F342-F8DC-48F1-AF50-F9BC1ACAD9E8}
	EndGlobalSection
EndGlobal
