
Microsoft Visual Studio Solution File, Format Version 12.00
# Visual Studio 15
VisualStudioVersion = 15.0.27703.2047
MinimumVisualStudioVersion = 10.0.40219.1
Project("{FAE04EC0-301F-11D3-BF4B-00C04F79EFBC}") = "20180628-SP.Alumno", "20180628-SP.v1\20180628-SP.Alumno.csproj", "{28C748DA-E056-4201-87AC-D6C5FE82D35E}"
EndProject
Project("{FAE04EC0-301F-11D3-BF4B-00C04F79EFBC}") = "Entidades", "Entidades\Entidades.csproj", "{2721927A-E946-40D8-AB29-7053C0AC7CD5}"
EndProject
Project("{FAE04EC0-301F-11D3-BF4B-00C04F79EFBC}") = "Excepcion", "ErrorArchivoException\Excepcion.csproj", "{459558C1-DC95-43E3-A670-A5DD6942C781}"
EndProject
Project("{FAE04EC0-301F-11D3-BF4B-00C04F79EFBC}") = "TestExamen", "TestExamen\TestExamen.csproj", "{6CD1C7B4-295E-40F4-9250-138432477CE2}"
EndProject
Global
	GlobalSection(SolutionConfigurationPlatforms) = preSolution
		Debug|Any CPU = Debug|Any CPU
		Release|Any CPU = Release|Any CPU
	EndGlobalSection
	GlobalSection(ProjectConfigurationPlatforms) = postSolution
		{28C748DA-E056-4201-87AC-D6C5FE82D35E}.Debug|Any CPU.ActiveCfg = Debug|Any CPU
		{28C748DA-E056-4201-87AC-D6C5FE82D35E}.Debug|Any CPU.Build.0 = Debug|Any CPU
		{28C748DA-E056-4201-87AC-D6C5FE82D35E}.Release|Any CPU.ActiveCfg = Release|Any CPU
		{28C748DA-E056-4201-87AC-D6C5FE82D35E}.Release|Any CPU.Build.0 = Release|Any CPU
		{2721927A-E946-40D8-AB29-7053C0AC7CD5}.Debug|Any CPU.ActiveCfg = Debug|Any CPU
		{2721927A-E946-40D8-AB29-7053C0AC7CD5}.Debug|Any CPU.Build.0 = Debug|Any CPU
		{2721927A-E946-40D8-AB29-7053C0AC7CD5}.Release|Any CPU.ActiveCfg = Release|Any CPU
		{2721927A-E946-40D8-AB29-7053C0AC7CD5}.Release|Any CPU.Build.0 = Release|Any CPU
		{459558C1-DC95-43E3-A670-A5DD6942C781}.Debug|Any CPU.ActiveCfg = Debug|Any CPU
		{459558C1-DC95-43E3-A670-A5DD6942C781}.Debug|Any CPU.Build.0 = Debug|Any CPU
		{459558C1-DC95-43E3-A670-A5DD6942C781}.Release|Any CPU.ActiveCfg = Release|Any CPU
		{459558C1-DC95-43E3-A670-A5DD6942C781}.Release|Any CPU.Build.0 = Release|Any CPU
		{6CD1C7B4-295E-40F4-9250-138432477CE2}.Debug|Any CPU.ActiveCfg = Debug|Any CPU
		{6CD1C7B4-295E-40F4-9250-138432477CE2}.Debug|Any CPU.Build.0 = Debug|Any CPU
		{6CD1C7B4-295E-40F4-9250-138432477CE2}.Release|Any CPU.ActiveCfg = Release|Any CPU
		{6CD1C7B4-295E-40F4-9250-138432477CE2}.Release|Any CPU.Build.0 = Release|Any CPU
	EndGlobalSection
	GlobalSection(SolutionProperties) = preSolution
		HideSolutionNode = FALSE
	EndGlobalSection
	GlobalSection(ExtensibilityGlobals) = postSolution
		SolutionGuid = {E549C35C-E5F1-4ECA-873F-BF8FBB96A1ED}
	EndGlobalSection
EndGlobal
