
Microsoft Visual Studio Solution File, Format Version 12.00
# Visual Studio Version 16
VisualStudioVersion = 16.0.29609.76
MinimumVisualStudioVersion = 10.0.40219.1
Project("{FAE04EC0-301F-11D3-BF4B-00C04F79EFBC}") = "Entidades", "Entidades\Entidades.csproj", "{80E73187-D576-4349-8F5E-ECE665913BCE}"
EndProject
Project("{FAE04EC0-301F-11D3-BF4B-00C04F79EFBC}") = "Console", "20180626-SP-Console\Console.csproj", "{3DDDA8F0-8B89-4086-8C09-8FEFACD44565}"
EndProject
Project("{FAE04EC0-301F-11D3-BF4B-00C04F79EFBC}") = "Excepciones", "Excepciones\Excepciones.csproj", "{F1F59969-E489-4404-B857-181B796B8529}"
EndProject
Global
	GlobalSection(SolutionConfigurationPlatforms) = preSolution
		Debug|Any CPU = Debug|Any CPU
		Release|Any CPU = Release|Any CPU
	EndGlobalSection
	GlobalSection(ProjectConfigurationPlatforms) = postSolution
		{80E73187-D576-4349-8F5E-ECE665913BCE}.Debug|Any CPU.ActiveCfg = Debug|Any CPU
		{80E73187-D576-4349-8F5E-ECE665913BCE}.Debug|Any CPU.Build.0 = Debug|Any CPU
		{80E73187-D576-4349-8F5E-ECE665913BCE}.Release|Any CPU.ActiveCfg = Release|Any CPU
		{80E73187-D576-4349-8F5E-ECE665913BCE}.Release|Any CPU.Build.0 = Release|Any CPU
		{3DDDA8F0-8B89-4086-8C09-8FEFACD44565}.Debug|Any CPU.ActiveCfg = Debug|Any CPU
		{3DDDA8F0-8B89-4086-8C09-8FEFACD44565}.Debug|Any CPU.Build.0 = Debug|Any CPU
		{3DDDA8F0-8B89-4086-8C09-8FEFACD44565}.Release|Any CPU.ActiveCfg = Release|Any CPU
		{3DDDA8F0-8B89-4086-8C09-8FEFACD44565}.Release|Any CPU.Build.0 = Release|Any CPU
		{F1F59969-E489-4404-B857-181B796B8529}.Debug|Any CPU.ActiveCfg = Debug|Any CPU
		{F1F59969-E489-4404-B857-181B796B8529}.Debug|Any CPU.Build.0 = Debug|Any CPU
		{F1F59969-E489-4404-B857-181B796B8529}.Release|Any CPU.ActiveCfg = Release|Any CPU
		{F1F59969-E489-4404-B857-181B796B8529}.Release|Any CPU.Build.0 = Release|Any CPU
	EndGlobalSection
	GlobalSection(SolutionProperties) = preSolution
		HideSolutionNode = FALSE
	EndGlobalSection
	GlobalSection(ExtensibilityGlobals) = postSolution
		SolutionGuid = {D7BD6C01-617B-4989-9844-A681B202387C}
	EndGlobalSection
EndGlobal
