
Microsoft Visual Studio Solution File, Format Version 12.00
# Visual Studio Version 16
VisualStudioVersion = 16.0.28917.181
MinimumVisualStudioVersion = 10.0.40219.1
Project("{FAE04EC0-301F-11D3-BF4B-00C04F79EFBC}") = "RSPyFinalForm", "FinalLaboII\RSPyFinalForm.csproj", "{6C43934F-3161-4052-826C-A521997B757B}"
EndProject
Project("{FAE04EC0-301F-11D3-BF4B-00C04F79EFBC}") = "Datos", "DAO\Datos.csproj", "{BFD16480-D6C5-481F-BD22-53042ACB0669}"
EndProject
Project("{FAE04EC0-301F-11D3-BF4B-00C04F79EFBC}") = "EntidadesSPyFinal", "EntidadesSPyFinal\EntidadesSPyFinal.csproj", "{9F2749C2-15BB-4F6A-99CC-2C22FBD0003D}"
EndProject
Global
	GlobalSection(SolutionConfigurationPlatforms) = preSolution
		Debug|Any CPU = Debug|Any CPU
		Release|Any CPU = Release|Any CPU
	EndGlobalSection
	GlobalSection(ProjectConfigurationPlatforms) = postSolution
		{6C43934F-3161-4052-826C-A521997B757B}.Debug|Any CPU.ActiveCfg = Debug|Any CPU
		{6C43934F-3161-4052-826C-A521997B757B}.Debug|Any CPU.Build.0 = Debug|Any CPU
		{6C43934F-3161-4052-826C-A521997B757B}.Release|Any CPU.ActiveCfg = Release|Any CPU
		{6C43934F-3161-4052-826C-A521997B757B}.Release|Any CPU.Build.0 = Release|Any CPU
		{BFD16480-D6C5-481F-BD22-53042ACB0669}.Debug|Any CPU.ActiveCfg = Debug|Any CPU
		{BFD16480-D6C5-481F-BD22-53042ACB0669}.Debug|Any CPU.Build.0 = Debug|Any CPU
		{BFD16480-D6C5-481F-BD22-53042ACB0669}.Release|Any CPU.ActiveCfg = Release|Any CPU
		{BFD16480-D6C5-481F-BD22-53042ACB0669}.Release|Any CPU.Build.0 = Release|Any CPU
		{9F2749C2-15BB-4F6A-99CC-2C22FBD0003D}.Debug|Any CPU.ActiveCfg = Debug|Any CPU
		{9F2749C2-15BB-4F6A-99CC-2C22FBD0003D}.Debug|Any CPU.Build.0 = Debug|Any CPU
		{9F2749C2-15BB-4F6A-99CC-2C22FBD0003D}.Release|Any CPU.ActiveCfg = Release|Any CPU
		{9F2749C2-15BB-4F6A-99CC-2C22FBD0003D}.Release|Any CPU.Build.0 = Release|Any CPU
	EndGlobalSection
	GlobalSection(SolutionProperties) = preSolution
		HideSolutionNode = FALSE
	EndGlobalSection
	GlobalSection(ExtensibilityGlobals) = postSolution
		SolutionGuid = {8D0B14B9-05D2-4E8B-89BC-246C04D6F747}
	EndGlobalSection
EndGlobal
